// !$*UTF8*$!
{
	archiveVersion = 1;
	classes = {
	};
	objectVersion = 56;
	objects = {

/* Begin PBXBuildFile section */
		9A9EEDF72AE94FF6003A8A93 /* SoundTraxxApp.swift in Sources */ = {isa = PBXBuildFile; fileRef = 9A9EEDF62AE94FF6003A8A93 /* SoundTraxxApp.swift */; };
		9A9EEDF92AE94FF6003A8A93 /* ContentView.swift in Sources */ = {isa = PBXBuildFile; fileRef = 9A9EEDF82AE94FF6003A8A93 /* ContentView.swift */; };
		9A9EEDFB2AE94FF7003A8A93 /* Assets.xcassets in Resources */ = {isa = PBXBuildFile; fileRef = 9A9EEDFA2AE94FF7003A8A93 /* Assets.xcassets */; };
		9A9EEDFF2AE94FF7003A8A93 /* Preview Assets.xcassets in Resources */ = {isa = PBXBuildFile; fileRef = 9A9EEDFE2AE94FF7003A8A93 /* Preview Assets.xcassets */; };
		9A9EEE092AE94FF7003A8A93 /* SoundTraxxTests.swift in Sources */ = {isa = PBXBuildFile; fileRef = 9A9EEE082AE94FF7003A8A93 /* SoundTraxxTests.swift */; };
		9A9EEE132AE94FF7003A8A93 /* SoundTraxxUITests.swift in Sources */ = {isa = PBXBuildFile; fileRef = 9A9EEE122AE94FF7003A8A93 /* SoundTraxxUITests.swift */; };
		9A9EEE152AE94FF7003A8A93 /* SoundTraxxUITestsLaunchTests.swift in Sources */ = {isa = PBXBuildFile; fileRef = 9A9EEE142AE94FF7003A8A93 /* SoundTraxxUITestsLaunchTests.swift */; };
		9A9EEE242AE954DA003A8A93 /* CentroidAccVel.swift in Sources */ = {isa = PBXBuildFile; fileRef = 9A9EEE232AE954DA003A8A93 /* CentroidAccVel.swift */; };
		9A9EEE262AE95531003A8A93 /* Constants.swift in Sources */ = {isa = PBXBuildFile; fileRef = 9A9EEE252AE95531003A8A93 /* Constants.swift */; };
/* End PBXBuildFile section */

/* Begin PBXContainerItemProxy section */
		9A9EEE052AE94FF7003A8A93 /* PBXContainerItemProxy */ = {
			isa = PBXContainerItemProxy;
			containerPortal = 9A9EEDEB2AE94FF6003A8A93 /* Project object */;
			proxyType = 1;
			remoteGlobalIDString = 9A9EEDF22AE94FF6003A8A93;
			remoteInfo = SoundTraxx;
		};
		9A9EEE0F2AE94FF7003A8A93 /* PBXContainerItemProxy */ = {
			isa = PBXContainerItemProxy;
			containerPortal = 9A9EEDEB2AE94FF6003A8A93 /* Project object */;
			proxyType = 1;
			remoteGlobalIDString = 9A9EEDF22AE94FF6003A8A93;
			remoteInfo = SoundTraxx;
		};
/* End PBXContainerItemProxy section */

/* Begin PBXFileReference section */
		9A9EEDF32AE94FF6003A8A93 /* SoundTraxx.app */ = {isa = PBXFileReference; explicitFileType = wrapper.application; includeInIndex = 0; path = SoundTraxx.app; sourceTree = BUILT_PRODUCTS_DIR; };
		9A9EEDF62AE94FF6003A8A93 /* SoundTraxxApp.swift */ = {isa = PBXFileReference; lastKnownFileType = sourcecode.swift; path = SoundTraxxApp.swift; sourceTree = "<group>"; };
		9A9EEDF82AE94FF6003A8A93 /* ContentView.swift */ = {isa = PBXFileReference; lastKnownFileType = sourcecode.swift; path = ContentView.swift; sourceTree = "<group>"; };
		9A9EEDFA2AE94FF7003A8A93 /* Assets.xcassets */ = {isa = PBXFileReference; lastKnownFileType = folder.assetcatalog; path = Assets.xcassets; sourceTree = "<group>"; };
		9A9EEDFC2AE94FF7003A8A93 /* SoundTraxx.entitlements */ = {isa = PBXFileReference; lastKnownFileType = text.plist.entitlements; path = SoundTraxx.entitlements; sourceTree = "<group>"; };
		9A9EEDFE2AE94FF7003A8A93 /* Preview Assets.xcassets */ = {isa = PBXFileReference; lastKnownFileType = folder.assetcatalog; path = "Preview Assets.xcassets"; sourceTree = "<group>"; };
		9A9EEE042AE94FF7003A8A93 /* SoundTraxxTests.xctest */ = {isa = PBXFileReference; explicitFileType = wrapper.cfbundle; includeInIndex = 0; path = SoundTraxxTests.xctest; sourceTree = BUILT_PRODUCTS_DIR; };
		9A9EEE082AE94FF7003A8A93 /* SoundTraxxTests.swift */ = {isa = PBXFileReference; lastKnownFileType = sourcecode.swift; path = SoundTraxxTests.swift; sourceTree = "<group>"; };
		9A9EEE0E2AE94FF7003A8A93 /* SoundTraxxUITests.xctest */ = {isa = PBXFileReference; explicitFileType = wrapper.cfbundle; includeInIndex = 0; path = SoundTraxxUITests.xctest; sourceTree = BUILT_PRODUCTS_DIR; };
		9A9EEE122AE94FF7003A8A93 /* SoundTraxxUITests.swift */ = {isa = PBXFileReference; lastKnownFileType = sourcecode.swift; path = SoundTraxxUITests.swift; sourceTree = "<group>"; };
		9A9EEE142AE94FF7003A8A93 /* SoundTraxxUITestsLaunchTests.swift */ = {isa = PBXFileReference; lastKnownFileType = sourcecode.swift; path = SoundTraxxUITestsLaunchTests.swift; sourceTree = "<group>"; };
		9A9EEE212AE95239003A8A93 /* README.md */ = {isa = PBXFileReference; lastKnownFileType = net.daringfireball.markdown; path = README.md; sourceTree = "<group>"; };
		9A9EEE232AE954DA003A8A93 /* CentroidAccVel.swift */ = {isa = PBXFileReference; lastKnownFileType = sourcecode.swift; path = CentroidAccVel.swift; sourceTree = "<group>"; };
		9A9EEE252AE95531003A8A93 /* Constants.swift */ = {isa = PBXFileReference; lastKnownFileType = sourcecode.swift; path = Constants.swift; sourceTree = "<group>"; };
/* End PBXFileReference section */

/* Begin PBXFrameworksBuildPhase section */
		9A9EEDF02AE94FF6003A8A93 /* Frameworks */ = {
			isa = PBXFrameworksBuildPhase;
			buildActionMask = 2147483647;
			files = (
			);
			runOnlyForDeploymentPostprocessing = 0;
		};
		9A9EEE012AE94FF7003A8A93 /* Frameworks */ = {
			isa = PBXFrameworksBuildPhase;
			buildActionMask = 2147483647;
			files = (
			);
			runOnlyForDeploymentPostprocessing = 0;
		};
		9A9EEE0B2AE94FF7003A8A93 /* Frameworks */ = {
			isa = PBXFrameworksBuildPhase;
			buildActionMask = 2147483647;
			files = (
			);
			runOnlyForDeploymentPostprocessing = 0;
		};
/* End PBXFrameworksBuildPhase section */

/* Begin PBXGroup section */
		9A9EEDEA2AE94FF6003A8A93 = {
			isa = PBXGroup;
			children = (
				9A9EEE212AE95239003A8A93 /* README.md */,
				9A9EEDF52AE94FF6003A8A93 /* SoundTraxx */,
				9A9EEE072AE94FF7003A8A93 /* SoundTraxxTests */,
				9A9EEE112AE94FF7003A8A93 /* SoundTraxxUITests */,
				9A9EEDF42AE94FF6003A8A93 /* Products */,
			);
			sourceTree = "<group>";
		};
		9A9EEDF42AE94FF6003A8A93 /* Products */ = {
			isa = PBXGroup;
			children = (
				9A9EEDF32AE94FF6003A8A93 /* SoundTraxx.app */,
				9A9EEE042AE94FF7003A8A93 /* SoundTraxxTests.xctest */,
				9A9EEE0E2AE94FF7003A8A93 /* SoundTraxxUITests.xctest */,
			);
			name = Products;
			sourceTree = "<group>";
		};
		9A9EEDF52AE94FF6003A8A93 /* SoundTraxx */ = {
			isa = PBXGroup;
			children = (
				9A9EEE222AE954B2003A8A93 /* RTTrPM */,
				9A9EEDF62AE94FF6003A8A93 /* SoundTraxxApp.swift */,
				9A9EEDF82AE94FF6003A8A93 /* ContentView.swift */,
				9A9EEDFA2AE94FF7003A8A93 /* Assets.xcassets */,
				9A9EEDFC2AE94FF7003A8A93 /* SoundTraxx.entitlements */,
				9A9EEDFD2AE94FF7003A8A93 /* Preview Content */,
			);
			path = SoundTraxx;
			sourceTree = "<group>";
		};
		9A9EEDFD2AE94FF7003A8A93 /* Preview Content */ = {
			isa = PBXGroup;
			children = (
				9A9EEDFE2AE94FF7003A8A93 /* Preview Assets.xcassets */,
			);
			path = "Preview Content";
			sourceTree = "<group>";
		};
		9A9EEE072AE94FF7003A8A93 /* SoundTraxxTests */ = {
			isa = PBXGroup;
			children = (
				9A9EEE082AE94FF7003A8A93 /* SoundTraxxTests.swift */,
			);
			path = SoundTraxxTests;
			sourceTree = "<group>";
		};
		9A9EEE112AE94FF7003A8A93 /* SoundTraxxUITests */ = {
			isa = PBXGroup;
			children = (
				9A9EEE122AE94FF7003A8A93 /* SoundTraxxUITests.swift */,
				9A9EEE142AE94FF7003A8A93 /* SoundTraxxUITestsLaunchTests.swift */,
			);
			path = SoundTraxxUITests;
			sourceTree = "<group>";
		};
		9A9EEE222AE954B2003A8A93 /* RTTrPM */ = {
			isa = PBXGroup;
			children = (
				9A9EEE232AE954DA003A8A93 /* CentroidAccVel.swift */,
				9A9EEE252AE95531003A8A93 /* Constants.swift */,
			);
			path = RTTrPM;
			sourceTree = "<group>";
		};
/* End PBXGroup section */

/* Begin PBXNativeTarget section */
		9A9EEDF22AE94FF6003A8A93 /* SoundTraxx */ = {
			isa = PBXNativeTarget;
			buildConfigurationList = 9A9EEE182AE94FF7003A8A93 /* Build configuration list for PBXNativeTarget "SoundTraxx" */;
			buildPhases = (
				9A9EEDEF2AE94FF6003A8A93 /* Sources */,
				9A9EEDF02AE94FF6003A8A93 /* Frameworks */,
				9A9EEDF12AE94FF6003A8A93 /* Resources */,
			);
			buildRules = (
			);
			dependencies = (
			);
			name = SoundTraxx;
			productName = SoundTraxx;
			productReference = 9A9EEDF32AE94FF6003A8A93 /* SoundTraxx.app */;
			productType = "com.apple.product-type.application";
		};
		9A9EEE032AE94FF7003A8A93 /* SoundTraxxTests */ = {
			isa = PBXNativeTarget;
			buildConfigurationList = 9A9EEE1B2AE94FF7003A8A93 /* Build configuration list for PBXNativeTarget "SoundTraxxTests" */;
			buildPhases = (
				9A9EEE002AE94FF7003A8A93 /* Sources */,
				9A9EEE012AE94FF7003A8A93 /* Frameworks */,
				9A9EEE022AE94FF7003A8A93 /* Resources */,
			);
			buildRules = (
			);
			dependencies = (
				9A9EEE062AE94FF7003A8A93 /* PBXTargetDependency */,
			);
			name = SoundTraxxTests;
			productName = SoundTraxxTests;
			productReference = 9A9EEE042AE94FF7003A8A93 /* SoundTraxxTests.xctest */;
			productType = "com.apple.product-type.bundle.unit-test";
		};
		9A9EEE0D2AE94FF7003A8A93 /* SoundTraxxUITests */ = {
			isa = PBXNativeTarget;
			buildConfigurationList = 9A9EEE1E2AE94FF7003A8A93 /* Build configuration list for PBXNativeTarget "SoundTraxxUITests" */;
			buildPhases = (
				9A9EEE0A2AE94FF7003A8A93 /* Sources */,
				9A9EEE0B2AE94FF7003A8A93 /* Frameworks */,
				9A9EEE0C2AE94FF7003A8A93 /* Resources */,
			);
			buildRules = (
			);
			dependencies = (
				9A9EEE102AE94FF7003A8A93 /* PBXTargetDependency */,
			);
			name = SoundTraxxUITests;
			productName = SoundTraxxUITests;
			productReference = 9A9EEE0E2AE94FF7003A8A93 /* SoundTraxxUITests.xctest */;
			productType = "com.apple.product-type.bundle.ui-testing";
		};
/* End PBXNativeTarget section */

/* Begin PBXProject section */
		9A9EEDEB2AE94FF6003A8A93 /* Project object */ = {
			isa = PBXProject;
			attributes = {
				BuildIndependentTargetsInParallel = 1;
				LastSwiftUpdateCheck = 1410;
				LastUpgradeCheck = 1410;
				TargetAttributes = {
					9A9EEDF22AE94FF6003A8A93 = {
						CreatedOnToolsVersion = 14.1;
					};
					9A9EEE032AE94FF7003A8A93 = {
						CreatedOnToolsVersion = 14.1;
						TestTargetID = 9A9EEDF22AE94FF6003A8A93;
					};
					9A9EEE0D2AE94FF7003A8A93 = {
						CreatedOnToolsVersion = 14.1;
						TestTargetID = 9A9EEDF22AE94FF6003A8A93;
					};
				};
			};
			buildConfigurationList = 9A9EEDEE2AE94FF6003A8A93 /* Build configuration list for PBXProject "SoundTraxx" */;
			compatibilityVersion = "Xcode 14.0";
			developmentRegion = en;
			hasScannedForEncodings = 0;
			knownRegions = (
				en,
				Base,
			);
			mainGroup = 9A9EEDEA2AE94FF6003A8A93;
			productRefGroup = 9A9EEDF42AE94FF6003A8A93 /* Products */;
			projectDirPath = "";
			projectRoot = "";
			targets = (
				9A9EEDF22AE94FF6003A8A93 /* SoundTraxx */,
				9A9EEE032AE94FF7003A8A93 /* SoundTraxxTests */,
				9A9EEE0D2AE94FF7003A8A93 /* SoundTraxxUITests */,
			);
		};
/* End PBXProject section */

/* Begin PBXResourcesBuildPhase section */
		9A9EEDF12AE94FF6003A8A93 /* Resources */ = {
			isa = PBXResourcesBuildPhase;
			buildActionMask = 2147483647;
			files = (
				9A9EEDFF2AE94FF7003A8A93 /* Preview Assets.xcassets in Resources */,
				9A9EEDFB2AE94FF7003A8A93 /* Assets.xcassets in Resources */,
			);
			runOnlyForDeploymentPostprocessing = 0;
		};
		9A9EEE022AE94FF7003A8A93 /* Resources */ = {
			isa = PBXResourcesBuildPhase;
			buildActionMask = 2147483647;
			files = (
			);
			runOnlyForDeploymentPostprocessing = 0;
		};
		9A9EEE0C2AE94FF7003A8A93 /* Resources */ = {
			isa = PBXResourcesBuildPhase;
			buildActionMask = 2147483647;
			files = (
			);
			runOnlyForDeploymentPostprocessing = 0;
		};
/* End PBXResourcesBuildPhase section */

/* Begin PBXSourcesBuildPhase section */
		9A9EEDEF2AE94FF6003A8A93 /* Sources */ = {
			isa = PBXSourcesBuildPhase;
			buildActionMask = 2147483647;
			files = (
				9A9EEDF92AE94FF6003A8A93 /* ContentView.swift in Sources */,
				9A9EEDF72AE94FF6003A8A93 /* SoundTraxxApp.swift in Sources */,
				9A9EEE242AE954DA003A8A93 /* CentroidAccVel.swift in Sources */,
				9A9EEE262AE95531003A8A93 /* Constants.swift in Sources */,
			);
			runOnlyForDeploymentPostprocessing = 0;
		};
		9A9EEE002AE94FF7003A8A93 /* Sources */ = {
			isa = PBXSourcesBuildPhase;
			buildActionMask = 2147483647;
			files = (
				9A9EEE092AE94FF7003A8A93 /* SoundTraxxTests.swift in Sources */,
			);
			runOnlyForDeploymentPostprocessing = 0;
		};
		9A9EEE0A2AE94FF7003A8A93 /* Sources */ = {
			isa = PBXSourcesBuildPhase;
			buildActionMask = 2147483647;
			files = (
				9A9EEE152AE94FF7003A8A93 /* SoundTraxxUITestsLaunchTests.swift in Sources */,
				9A9EEE132AE94FF7003A8A93 /* SoundTraxxUITests.swift in Sources */,
			);
			runOnlyForDeploymentPostprocessing = 0;
		};
/* End PBXSourcesBuildPhase section */

/* Begin PBXTargetDependency section */
		9A9EEE062AE94FF7003A8A93 /* PBXTargetDependency */ = {
			isa = PBXTargetDependency;
			target = 9A9EEDF22AE94FF6003A8A93 /* SoundTraxx */;
			targetProxy = 9A9EEE052AE94FF7003A8A93 /* PBXContainerItemProxy */;
		};
		9A9EEE102AE94FF7003A8A93 /* PBXTargetDependency */ = {
			isa = PBXTargetDependency;
			target = 9A9EEDF22AE94FF6003A8A93 /* SoundTraxx */;
			targetProxy = 9A9EEE0F2AE94FF7003A8A93 /* PBXContainerItemProxy */;
		};
/* End PBXTargetDependency section */

/* Begin XCBuildConfiguration section */
		9A9EEE162AE94FF7003A8A93 /* Debug */ = {
			isa = XCBuildConfiguration;
			buildSettings = {
				ALWAYS_SEARCH_USER_PATHS = NO;
				CLANG_ANALYZER_NONNULL = YES;
				CLANG_ANALYZER_NUMBER_OBJECT_CONVERSION = YES_AGGRESSIVE;
				CLANG_CXX_LANGUAGE_STANDARD = "gnu++20";
				CLANG_ENABLE_MODULES = YES;
				CLANG_ENABLE_OBJC_ARC = YES;
				CLANG_ENABLE_OBJC_WEAK = YES;
				CLANG_WARN_BLOCK_CAPTURE_AUTORELEASING = YES;
				CLANG_WARN_BOOL_CONVERSION = YES;
				CLANG_WARN_COMMA = YES;
				CLANG_WARN_CONSTANT_CONVERSION = YES;
				CLANG_WARN_DEPRECATED_OBJC_IMPLEMENTATIONS = YES;
				CLANG_WARN_DIRECT_OBJC_ISA_USAGE = YES_ERROR;
				CLANG_WARN_DOCUMENTATION_COMMENTS = YES;
				CLANG_WARN_EMPTY_BODY = YES;
				CLANG_WARN_ENUM_CONVERSION = YES;
				CLANG_WARN_INFINITE_RECURSION = YES;
				CLANG_WARN_INT_CONVERSION = YES;
				CLANG_WARN_NON_LITERAL_NULL_CONVERSION = YES;
				CLANG_WARN_OBJC_IMPLICIT_RETAIN_SELF = YES;
				CLANG_WARN_OBJC_LITERAL_CONVERSION = YES;
				CLANG_WARN_OBJC_ROOT_CLASS = YES_ERROR;
				CLANG_WARN_QUOTED_INCLUDE_IN_FRAMEWORK_HEADER = YES;
				CLANG_WARN_RANGE_LOOP_ANALYSIS = YES;
				CLANG_WARN_STRICT_PROTOTYPES = YES;
				CLANG_WARN_SUSPICIOUS_MOVE = YES;
				CLANG_WARN_UNGUARDED_AVAILABILITY = YES_AGGRESSIVE;
				CLANG_WARN_UNREACHABLE_CODE = YES;
				CLANG_WARN__DUPLICATE_METHOD_MATCH = YES;
				COPY_PHASE_STRIP = NO;
				DEBUG_INFORMATION_FORMAT = dwarf;
				ENABLE_STRICT_OBJC_MSGSEND = YES;
				ENABLE_TESTABILITY = YES;
				GCC_C_LANGUAGE_STANDARD = gnu11;
				GCC_DYNAMIC_NO_PIC = NO;
				GCC_NO_COMMON_BLOCKS = YES;
				GCC_OPTIMIZATION_LEVEL = 0;
				GCC_PREPROCESSOR_DEFINITIONS = (
					"DEBUG=1",
					"$(inherited)",
				);
				GCC_WARN_64_TO_32_BIT_CONVERSION = YES;
				GCC_WARN_ABOUT_RETURN_TYPE = YES_ERROR;
				GCC_WARN_UNDECLARED_SELECTOR = YES;
				GCC_WARN_UNINITIALIZED_AUTOS = YES_AGGRESSIVE;
				GCC_WARN_UNUSED_FUNCTION = YES;
				GCC_WARN_UNUSED_VARIABLE = YES;
				MTL_ENABLE_DEBUG_INFO = INCLUDE_SOURCE;
				MTL_FAST_MATH = YES;
				ONLY_ACTIVE_ARCH = YES;
				SWIFT_ACTIVE_COMPILATION_CONDITIONS = DEBUG;
				SWIFT_OPTIMIZATION_LEVEL = "-Onone";
			};
			name = Debug;
		};
		9A9EEE172AE94FF7003A8A93 /* Release */ = {
			isa = XCBuildConfiguration;
			buildSettings = {
				ALWAYS_SEARCH_USER_PATHS = NO;
				CLANG_ANALYZER_NONNULL = YES;
				CLANG_ANALYZER_NUMBER_OBJECT_CONVERSION = YES_AGGRESSIVE;
				CLANG_CXX_LANGUAGE_STANDARD = "gnu++20";
				CLANG_ENABLE_MODULES = YES;
				CLANG_ENABLE_OBJC_ARC = YES;
				CLANG_ENABLE_OBJC_WEAK = YES;
				CLANG_WARN_BLOCK_CAPTURE_AUTORELEASING = YES;
				CLANG_WARN_BOOL_CONVERSION = YES;
				CLANG_WARN_COMMA = YES;
				CLANG_WARN_CONSTANT_CONVERSION = YES;
				CLANG_WARN_DEPRECATED_OBJC_IMPLEMENTATIONS = YES;
				CLANG_WARN_DIRECT_OBJC_ISA_USAGE = YES_ERROR;
				CLANG_WARN_DOCUMENTATION_COMMENTS = YES;
				CLANG_WARN_EMPTY_BODY = YES;
				CLANG_WARN_ENUM_CONVERSION = YES;
				CLANG_WARN_INFINITE_RECURSION = YES;
				CLANG_WARN_INT_CONVERSION = YES;
				CLANG_WARN_NON_LITERAL_NULL_CONVERSION = YES;
				CLANG_WARN_OBJC_IMPLICIT_RETAIN_SELF = YES;
				CLANG_WARN_OBJC_LITERAL_CONVERSION = YES;
				CLANG_WARN_OBJC_ROOT_CLASS = YES_ERROR;
				CLANG_WARN_QUOTED_INCLUDE_IN_FRAMEWORK_HEADER = YES;
				CLANG_WARN_RANGE_LOOP_ANALYSIS = YES;
				CLANG_WARN_STRICT_PROTOTYPES = YES;
				CLANG_WARN_SUSPICIOUS_MOVE = YES;
				CLANG_WARN_UNGUARDED_AVAILABILITY = YES_AGGRESSIVE;
				CLANG_WARN_UNREACHABLE_CODE = YES;
				CLANG_WARN__DUPLICATE_METHOD_MATCH = YES;
				COPY_PHASE_STRIP = NO;
				DEBUG_INFORMATION_FORMAT = "dwarf-with-dsym";
				ENABLE_NS_ASSERTIONS = NO;
				ENABLE_STRICT_OBJC_MSGSEND = YES;
				GCC_C_LANGUAGE_STANDARD = gnu11;
				GCC_NO_COMMON_BLOCKS = YES;
				GCC_WARN_64_TO_32_BIT_CONVERSION = YES;
				GCC_WARN_ABOUT_RETURN_TYPE = YES_ERROR;
				GCC_WARN_UNDECLARED_SELECTOR = YES;
				GCC_WARN_UNINITIALIZED_AUTOS = YES_AGGRESSIVE;
				GCC_WARN_UNUSED_FUNCTION = YES;
				GCC_WARN_UNUSED_VARIABLE = YES;
				MTL_ENABLE_DEBUG_INFO = NO;
				MTL_FAST_MATH = YES;
				SWIFT_COMPILATION_MODE = wholemodule;
				SWIFT_OPTIMIZATION_LEVEL = "-O";
			};
			name = Release;
		};
		9A9EEE192AE94FF7003A8A93 /* Debug */ = {
			isa = XCBuildConfiguration;
			buildSettings = {
				ASSETCATALOG_COMPILER_APPICON_NAME = AppIcon;
				ASSETCATALOG_COMPILER_GLOBAL_ACCENT_COLOR_NAME = AccentColor;
				CODE_SIGN_ENTITLEMENTS = SoundTraxx/SoundTraxx.entitlements;
				CODE_SIGN_STYLE = Automatic;
				CURRENT_PROJECT_VERSION = 1;
				DEVELOPMENT_ASSET_PATHS = "\"SoundTraxx/Preview Content\"";
				DEVELOPMENT_TEAM = ZJ734P7F3F;
				ENABLE_HARDENED_RUNTIME = YES;
				ENABLE_PREVIEWS = YES;
				GENERATE_INFOPLIST_FILE = YES;
				"INFOPLIST_KEY_UIApplicationSceneManifest_Generation[sdk=iphoneos*]" = YES;
				"INFOPLIST_KEY_UIApplicationSceneManifest_Generation[sdk=iphonesimulator*]" = YES;
				"INFOPLIST_KEY_UIApplicationSupportsIndirectInputEvents[sdk=iphoneos*]" = YES;
				"INFOPLIST_KEY_UIApplicationSupportsIndirectInputEvents[sdk=iphonesimulator*]" = YES;
				"INFOPLIST_KEY_UILaunchScreen_Generation[sdk=iphoneos*]" = YES;
				"INFOPLIST_KEY_UILaunchScreen_Generation[sdk=iphonesimulator*]" = YES;
				"INFOPLIST_KEY_UIStatusBarStyle[sdk=iphoneos*]" = UIStatusBarStyleDefault;
				"INFOPLIST_KEY_UIStatusBarStyle[sdk=iphonesimulator*]" = UIStatusBarStyleDefault;
				INFOPLIST_KEY_UISupportedInterfaceOrientations_iPad = "UIInterfaceOrientationPortrait UIInterfaceOrientationPortraitUpsideDown UIInterfaceOrientationLandscapeLeft UIInterfaceOrientationLandscapeRight";
				INFOPLIST_KEY_UISupportedInterfaceOrientations_iPhone = "UIInterfaceOrientationPortrait UIInterfaceOrientationLandscapeLeft UIInterfaceOrientationLandscapeRight";
				IPHONEOS_DEPLOYMENT_TARGET = 16.1;
				LD_RUNPATH_SEARCH_PATHS = "@executable_path/Frameworks";
				"LD_RUNPATH_SEARCH_PATHS[sdk=macosx*]" = "@executable_path/../Frameworks";
				MACOSX_DEPLOYMENT_TARGET = 13.0;
				MARKETING_VERSION = 0.1;
				PRODUCT_BUNDLE_IDENTIFIER = gw.SoundTraxx;
				PRODUCT_NAME = "$(TARGET_NAME)";
				SDKROOT = auto;
				SUPPORTED_PLATFORMS = macosx;
				SUPPORTS_MACCATALYST = NO;
				SUPPORTS_MAC_DESIGNED_FOR_IPHONE_IPAD = NO;
				SWIFT_EMIT_LOC_STRINGS = YES;
				SWIFT_VERSION = 5.0;
			};
			name = Debug;
		};
		9A9EEE1A2AE94FF7003A8A93 /* Release */ = {
			isa = XCBuildConfiguration;
			buildSettings = {
				ASSETCATALOG_COMPILER_APPICON_NAME = AppIcon;
				ASSETCATALOG_COMPILER_GLOBAL_ACCENT_COLOR_NAME = AccentColor;
				CODE_SIGN_ENTITLEMENTS = SoundTraxx/SoundTraxx.entitlements;
				CODE_SIGN_STYLE = Automatic;
				CURRENT_PROJECT_VERSION = 1;
				DEVELOPMENT_ASSET_PATHS = "\"SoundTraxx/Preview Content\"";
				DEVELOPMENT_TEAM = ZJ734P7F3F;
				ENABLE_HARDENED_RUNTIME = YES;
				ENABLE_PREVIEWS = YES;
				GENERATE_INFOPLIST_FILE = YES;
				"INFOPLIST_KEY_UIApplicationSceneManifest_Generation[sdk=iphoneos*]" = YES;
				"INFOPLIST_KEY_UIApplicationSceneManifest_Generation[sdk=iphonesimulator*]" = YES;
				"INFOPLIST_KEY_UIApplicationSupportsIndirectInputEvents[sdk=iphoneos*]" = YES;
				"INFOPLIST_KEY_UIApplicationSupportsIndirectInputEvents[sdk=iphonesimulator*]" = YES;
				"INFOPLIST_KEY_UILaunchScreen_Generation[sdk=iphoneos*]" = YES;
				"INFOPLIST_KEY_UILaunchScreen_Generation[sdk=iphonesimulator*]" = YES;
				"INFOPLIST_KEY_UIStatusBarStyle[sdk=iphoneos*]" = UIStatusBarStyleDefault;
				"INFOPLIST_KEY_UIStatusBarStyle[sdk=iphonesimulator*]" = UIStatusBarStyleDefault;
				INFOPLIST_KEY_UISupportedInterfaceOrientations_iPad = "UIInterfaceOrientationPortrait UIInterfaceOrientationPortraitUpsideDown UIInterfaceOrientationLandscapeLeft UIInterfaceOrientationLandscapeRight";
				INFOPLIST_KEY_UISupportedInterfaceOrientations_iPhone = "UIInterfaceOrientationPortrait UIInterfaceOrientationLandscapeLeft UIInterfaceOrientationLandscapeRight";
				IPHONEOS_DEPLOYMENT_TARGET = 16.1;
				LD_RUNPATH_SEARCH_PATHS = "@executable_path/Frameworks";
				"LD_RUNPATH_SEARCH_PATHS[sdk=macosx*]" = "@executable_path/../Frameworks";
				MACOSX_DEPLOYMENT_TARGET = 13.0;
				MARKETING_VERSION = 0.1;
				PRODUCT_BUNDLE_IDENTIFIER = gw.SoundTraxx;
				PRODUCT_NAME = "$(TARGET_NAME)";
				SDKROOT = auto;
				SUPPORTED_PLATFORMS = macosx;
				SUPPORTS_MACCATALYST = NO;
				SUPPORTS_MAC_DESIGNED_FOR_IPHONE_IPAD = NO;
				SWIFT_EMIT_LOC_STRINGS = YES;
				SWIFT_VERSION = 5.0;
			};
			name = Release;
		};
		9A9EEE1C2AE94FF7003A8A93 /* Debug */ = {
			isa = XCBuildConfiguration;
			buildSettings = {
				ALWAYS_EMBED_SWIFT_STANDARD_LIBRARIES = YES;
				BUNDLE_LOADER = "$(TEST_HOST)";
				CODE_SIGN_STYLE = Automatic;
				CURRENT_PROJECT_VERSION = 1;
				DEVELOPMENT_TEAM = ZJ734P7F3F;
				GENERATE_INFOPLIST_FILE = YES;
				IPHONEOS_DEPLOYMENT_TARGET = 16.1;
				MACOSX_DEPLOYMENT_TARGET = 13.0;
				MARKETING_VERSION = 1.0;
				PRODUCT_BUNDLE_IDENTIFIER = gw.SoundTraxxTests;
				PRODUCT_NAME = "$(TARGET_NAME)";
				SDKROOT = auto;
				SUPPORTED_PLATFORMS = "iphoneos iphonesimulator macosx";
				SWIFT_EMIT_LOC_STRINGS = NO;
				SWIFT_VERSION = 5.0;
				TARGETED_DEVICE_FAMILY = "1,2";
				TEST_HOST = "$(BUILT_PRODUCTS_DIR)/SoundTraxx.app/$(BUNDLE_EXECUTABLE_FOLDER_PATH)/SoundTraxx";
			};
			name = Debug;
		};
		9A9EEE1D2AE94FF7003A8A93 /* Release */ = {
			isa = XCBuildConfiguration;
			buildSettings = {
				ALWAYS_EMBED_SWIFT_STANDARD_LIBRARIES = YES;
				BUNDLE_LOADER = "$(TEST_HOST)";
				CODE_SIGN_STYLE = Automatic;
				CURRENT_PROJECT_VERSION = 1;
				DEVELOPMENT_TEAM = ZJ734P7F3F;
				GENERATE_INFOPLIST_FILE = YES;
				IPHONEOS_DEPLOYMENT_TARGET = 16.1;
				MACOSX_DEPLOYMENT_TARGET = 13.0;
				MARKETING_VERSION = 1.0;
				PRODUCT_BUNDLE_IDENTIFIER = gw.SoundTraxxTests;
				PRODUCT_NAME = "$(TARGET_NAME)";
				SDKROOT = auto;
				SUPPORTED_PLATFORMS = "iphoneos iphonesimulator macosx";
				SWIFT_EMIT_LOC_STRINGS = NO;
				SWIFT_VERSION = 5.0;
				TARGETED_DEVICE_FAMILY = "1,2";
				TEST_HOST = "$(BUILT_PRODUCTS_DIR)/SoundTraxx.app/$(BUNDLE_EXECUTABLE_FOLDER_PATH)/SoundTraxx";
			};
			name = Release;
		};
		9A9EEE1F2AE94FF7003A8A93 /* Debug */ = {
			isa = XCBuildConfiguration;
			buildSettings = {
				ALWAYS_EMBED_SWIFT_STANDARD_LIBRARIES = YES;
				CODE_SIGN_STYLE = Automatic;
				CURRENT_PROJECT_VERSION = 1;
				DEVELOPMENT_TEAM = ZJ734P7F3F;
				GENERATE_INFOPLIST_FILE = YES;
				IPHONEOS_DEPLOYMENT_TARGET = 16.1;
				MACOSX_DEPLOYMENT_TARGET = 13.0;
				MARKETING_VERSION = 1.0;
				PRODUCT_BUNDLE_IDENTIFIER = gw.SoundTraxxUITests;
				PRODUCT_NAME = "$(TARGET_NAME)";
				SDKROOT = auto;
				SUPPORTED_PLATFORMS = "iphoneos iphonesimulator macosx";
				SWIFT_EMIT_LOC_STRINGS = NO;
				SWIFT_VERSION = 5.0;
				TARGETED_DEVICE_FAMILY = "1,2";
				TEST_TARGET_NAME = SoundTraxx;
			};
			name = Debug;
		};
		9A9EEE202AE94FF7003A8A93 /* Release */ = {
			isa = XCBuildConfiguration;
			buildSettings = {
				ALWAYS_EMBED_SWIFT_STANDARD_LIBRARIES = YES;
				CODE_SIGN_STYLE = Automatic;
				CURRENT_PROJECT_VERSION = 1;
				DEVELOPMENT_TEAM = ZJ734P7F3F;
				GENERATE_INFOPLIST_FILE = YES;
				IPHONEOS_DEPLOYMENT_TARGET = 16.1;
				MACOSX_DEPLOYMENT_TARGET = 13.0;
				MARKETING_VERSION = 1.0;
				PRODUCT_BUNDLE_IDENTIFIER = gw.SoundTraxxUITests;
				PRODUCT_NAME = "$(TARGET_NAME)";
				SDKROOT = auto;
				SUPPORTED_PLATFORMS = "iphoneos iphonesimulator macosx";
				SWIFT_EMIT_LOC_STRINGS = NO;
				SWIFT_VERSION = 5.0;
				TARGETED_DEVICE_FAMILY = "1,2";
				TEST_TARGET_NAME = SoundTraxx;
			};
			name = Release;
		};
/* End XCBuildConfiguration section */

/* Begin XCConfigurationList section */
		9A9EEDEE2AE94FF6003A8A93 /* Build configuration list for PBXProject "SoundTraxx" */ = {
			isa = XCConfigurationList;
			buildConfigurations = (
				9A9EEE162AE94FF7003A8A93 /* Debug */,
				9A9EEE172AE94FF7003A8A93 /* Release */,
			);
			defaultConfigurationIsVisible = 0;
			defaultConfigurationName = Release;
		};
		9A9EEE182AE94FF7003A8A93 /* Build configuration list for PBXNativeTarget "SoundTraxx" */ = {
			isa = XCConfigurationList;
			buildConfigurations = (
				9A9EEE192AE94FF7003A8A93 /* Debug */,
				9A9EEE1A2AE94FF7003A8A93 /* Release */,
			);
			defaultConfigurationIsVisible = 0;
			defaultConfigurationName = Release;
		};
		9A9EEE1B2AE94FF7003A8A93 /* Build configuration list for PBXNativeTarget "SoundTraxxTests" */ = {
			isa = XCConfigurationList;
			buildConfigurations = (
				9A9EEE1C2AE94FF7003A8A93 /* Debug */,
				9A9EEE1D2AE94FF7003A8A93 /* Release */,
			);
			defaultConfigurationIsVisible = 0;
			defaultConfigurationName = Release;
		};
		9A9EEE1E2AE94FF7003A8A93 /* Build configuration list for PBXNativeTarget "SoundTraxxUITests" */ = {
			isa = XCConfigurationList;
			buildConfigurations = (
				9A9EEE1F2AE94FF7003A8A93 /* Debug */,
				9A9EEE202AE94FF7003A8A93 /* Release */,
			);
			defaultConfigurationIsVisible = 0;
			defaultConfigurationName = Release;
		};
/* End XCConfigurationList section */
	};
	rootObject = 9A9EEDEB2AE94FF6003A8A93 /* Project object */;
}
